{
  "LuaSnip": {
    "commit": "de1a287"
  },
  "arm-syntax-vim": {
    "commit": "84ee5c4"
  },
  "autoclose.nvim": {
    "commit": "dc42806"
  },
  "cmp-buffer": {
    "commit": "3022dbc"
  },
  "cmp-cmdline": {
    "commit": "d250c63"
  },
  "cmp-conventionalcommits": {
    "commit": "a4dfacf"
  },
  "cmp-emoji": {
    "commit": "e8398e2"
  },
  "cmp-git": {
    "commit": "b9603f1"
  },
  "cmp-nvim-lsp": {
    "commit": "39e2eda"
  },
  "cmp-nvim-lsp-signature-help": {
    "commit": "031e6ba"
  },
  "cmp-path": {
    "commit": "91ff86c"
  },
  "cmp_luasnip": {
    "commit": "05a9ab2"
  },
  "cornelis": {
    "commit": "06d6020"
  },
  "diffview.nvim": {
    "commit": "9bdd553"
  },
  "dressing.nvim": {
    "commit": "5723147"
  },
  "editorconfig.nvim": {
    "commit": "5b9e303"
  },
  "fidget.nvim": {
    "commit": "ef99df0"
  },
  "firenvim": {
    "commit": "fc72687"
  },
  "focus.nvim": {
    "commit": "c9bc6a9"
  },
  "forester.nvim": {
    "commit": "4898912"
  },
  "fzf": {
    "commit": "daa6024"
  },
  "fzf.vim": {
    "commit": "71b0e0f"
  },
  "gitsigns.nvim": {
    "commit": "805610a"
  },
  "hop.nvim": {
    "commit": "90db1b2"
  },
  "i3config.vim": {
    "commit": "5c753c5"
  },
  "idris2-nvim": {
    "commit": "8bff029"
  },
  "impatient.nvim": {
    "commit": "47302af"
  },
  "indent-blankline.nvim": {
    "commit": "ece00d5"
  },
  "ltex-utils.nvim": {
    "commit": "8c6ef83"
  },
  "lualine.nvim": {
    "commit": "0a5a668"
  },
  "nightfox.nvim": {
    "commit": "df75a6a"
  },
  "nui.nvim": {
    "commit": "b1b3dcd"
  },
  "null-ls.nvim": {
    "commit": "0010ea9"
  },
  "nvim-cmp": {
    "commit": "5260e5e"
  },
  "nvim-hs.vim": {
    "commit": "d4a6b72"
  },
  "nvim-lspconfig": {
    "commit": "6d2ae9f"
  },
  "nvim-surround": {
    "commit": "79aaa42"
  },
  "nvim-tree.lua": {
    "commit": "2bc725a"
  },
  "nvim-treehopper": {
    "commit": "5a28bff"
  },
  "nvim-treesitter": {
    "commit": "ccfa76d4"
  },
  "nvim-treesitter-textobjects": {
    "commit": "5f9bf4b"
  },
  "nvim-treesitter-textsubjects": {
    "commit": "1428108"
  },
  "nvim-ts-context-commentstring": {
    "commit": "cbab9ad"
  },
  "nvim-web-devicons": {
    "commit": "e37bb1f"
  },
  "packer.nvim": {
    "commit": "ea0cc3c"
  },
  "playground": {
    "commit": "ba48c6a"
  },
  "plenary.nvim": {
    "commit": "b5c8de0"
  },
  "popup.nvim": {
    "commit": "b7404d3"
  },
  "rainbow-delimiters.nvim": {
    "commit": "dd11567"
  },
  "remember.nvim": {
    "commit": "b7613e1"
  },
  "ron.vim": {
    "commit": "f749e54"
  },
  "rust-tools.nvim": {
    "commit": "6761879"
  },
  "targets.vim": {
    "commit": "642d3a4"
  },
  "telescope-symbols.nvim": {
    "commit": "a6d0127"
  },
  "telescope.nvim": {
    "commit": "0c12735"
  },
  "toggleterm.nvim": {
    "commit": "066cccf"
  },
  "typst.vim": {
    "commit": "d9a7650"
  },
  "vim-colorschemes": {
    "commit": "fd8f122"
  },
  "vim-commentary": {
    "commit": "c4b8f52"
  },
  "vim-operator-user": {
    "commit": "c3dfd41"
  },
  "vim-redact-pass.git": {
    "commit": "403a44d"
  },
  "vim-repeat": {
    "commit": "24afe92"
  },
  "vim-textobj-user": {
    "commit": "41a675d"
  },
  "vim-toml": {
    "commit": "d36caa6"
  },
  "vim-unimpaired": {
    "commit": "6d44a6d"
  },
  "vim-which-key": {
    "commit": "470cd19"
  },
  "vista.vim": {
    "commit": "04fa99a"
  }
}
