{
  "LuaSnip": {
    "commit": "a7a4b46"
  },
  "arm-syntax-vim": {
    "commit": "84ee5c4"
  },
  "autoclose.nvim": {
    "commit": "37e1158"
  },
  "cmp-buffer": {
    "commit": "3022dbc"
  },
  "cmp-cmdline": {
    "commit": "8ee981b"
  },
  "cmp-conventionalcommits": {
    "commit": "a4dfacf"
  },
  "cmp-emoji": {
    "commit": "19075c3"
  },
  "cmp-git": {
    "commit": "8d89936"
  },
  "cmp-nvim-lsp": {
    "commit": "5af77f5"
  },
  "cmp-nvim-lsp-signature-help": {
    "commit": "3d8912e"
  },
  "cmp-path": {
    "commit": "91ff86c"
  },
  "cmp_luasnip": {
    "commit": "05a9ab2"
  },
  "cornelis": {
    "commit": "c1f926e"
  },
  "diffview.nvim": {
    "commit": "3dc498c"
  },
  "dressing.nvim": {
    "commit": "18e5beb"
  },
  "editorconfig.nvim": {
    "commit": "5b9e303"
  },
  "fidget.nvim": {
    "commit": "4e854f3"
  },
  "firenvim": {
    "commit": "03ba12a"
  },
  "focus.nvim": {
    "commit": "4135f97"
  },
  "fzf": {
    "commit": "545d577"
  },
  "fzf.vim": {
    "commit": "8ea9574"
  },
  "gitsigns.nvim": {
    "commit": "078041e"
  },
  "hop.nvim": {
    "commit": "90db1b2"
  },
  "i3config.vim": {
    "commit": "5c753c5"
  },
  "idris2-nvim": {
    "commit": "8bff029"
  },
  "impatient.nvim": {
    "commit": "47302af"
  },
  "indent-blankline.nvim": {
    "commit": "3d08501"
  },
  "ltex-utils.nvim": {
    "commit": "8c6ef83"
  },
  "lualine.nvim": {
    "commit": "b5e8bb6"
  },
  "nightfox.nvim": {
    "commit": "a408e6b"
  },
  "nui.nvim": {
    "commit": "c3c7fd6"
  },
  "null-ls.nvim": {
    "commit": "0010ea9"
  },
  "nvim-cmp": {
    "commit": "97dc716"
  },
  "nvim-hs.vim": {
    "commit": "d4a6b72"
  },
  "nvim-lightbulb": {
    "commit": "8f00b89"
  },
  "nvim-lspconfig": {
    "commit": "6e5c78e"
  },
  "nvim-surround": {
    "commit": "d47001f"
  },
  "nvim-tree.lua": {
    "commit": "e508bdc"
  },
  "nvim-treehopper": {
    "commit": "5a28bff"
  },
  "nvim-treesitter": {
    "commit": "1c3fb9ea"
  },
  "nvim-treesitter-textobjects": {
    "commit": "d2a4ffc"
  },
  "nvim-treesitter-textsubjects": {
    "commit": "9f9a6b3"
  },
  "nvim-ts-context-commentstring": {
    "commit": "7ab799a"
  },
  "nvim-web-devicons": {
    "commit": "3ee60de"
  },
  "packer.nvim": {
    "commit": "ea0cc3c"
  },
  "playground": {
    "commit": "ba48c6a"
  },
  "plenary.nvim": {
    "commit": "4f71c0c"
  },
  "popup.nvim": {
    "commit": "b7404d3"
  },
  "rainbow-delimiters.nvim": {
    "commit": "4d2d3f9"
  },
  "remember.nvim": {
    "commit": "b7613e1"
  },
  "ron.vim": {
    "commit": "f749e54"
  },
  "rust-tools.nvim": {
    "commit": "6761879"
  },
  "targets.vim": {
    "commit": "642d3a4"
  },
  "telescope-symbols.nvim": {
    "commit": "a6d0127"
  },
  "telescope.nvim": {
    "commit": "c2b8311"
  },
  "toggleterm.nvim": {
    "commit": "193786e"
  },
  "typst.vim": {
    "commit": "e28d440"
  },
  "vim-colorschemes": {
    "commit": "fd8f122"
  },
  "vim-commentary": {
    "commit": "f67e3e6"
  },
  "vim-operator-user": {
    "commit": "c3dfd41"
  },
  "vim-redact-pass.git": {
    "commit": "403a44d"
  },
  "vim-repeat": {
    "commit": "24afe92"
  },
  "vim-textobj-user": {
    "commit": "41a675d"
  },
  "vim-toml": {
    "commit": "d36caa6"
  },
  "vim-unimpaired": {
    "commit": "6d44a6d"
  },
  "vim-which-key": {
    "commit": "470cd19"
  },
  "vista.vim": {
    "commit": "f76cecc"
  }
}
